
Microsoft Visual Studio Solution File, Format Version 12.00
# Visual Studio Version 17
VisualStudioVersion = 17.5.002.0
MinimumVisualStudioVersion = 10.0.40219.1
Project("{9A19103F-16F7-4668-BE54-9A1E7A4F7556}") = "loop-iteration-practice-JacksonSmithStudent", "loop-iteration-practice-JacksonSmithStudent.csproj", "{74F3B829-414E-456D-9D7E-C08B1BEB736C}"
EndProject
Global
	GlobalSection(SolutionConfigurationPlatforms) = preSolution
		Debug|Any CPU = Debug|Any CPU
		Release|Any CPU = Release|Any CPU
	EndGlobalSection
	GlobalSection(ProjectConfigurationPlatforms) = postSolution
		{74F3B829-414E-456D-9D7E-C08B1BEB736C}.Debug|Any CPU.ActiveCfg = Debug|Any CPU
		{74F3B829-414E-456D-9D7E-C08B1BEB736C}.Debug|Any CPU.Build.0 = Debug|Any CPU
		{74F3B829-414E-456D-9D7E-C08B1BEB736C}.Release|Any CPU.ActiveCfg = Release|Any CPU
		{74F3B829-414E-456D-9D7E-C08B1BEB736C}.Release|Any CPU.Build.0 = Release|Any CPU
	EndGlobalSection
	GlobalSection(SolutionProperties) = preSolution
		HideSolutionNode = FALSE
	EndGlobalSection
	GlobalSection(ExtensibilityGlobals) = postSolution
		SolutionGuid = {92FB2780-07A5-4204-8C3C-AD9FEA996F02}
	EndGlobalSection
EndGlobal
